
Microsoft Visual Studio Solution File, Format Version 12.00
# Visual Studio Version 16
VisualStudioVersion = 16.0.31129.286
MinimumVisualStudioVersion = 10.0.40219.1
Project("{FAE04EC0-301F-11D3-BF4B-00C04F79EFBC}") = "Shop.Android", "Shop\Shop.Android\Shop.Android.csproj", "{0C71F24E-FB60-4B5A-B313-729949280923}"
EndProject
Project("{FAE04EC0-301F-11D3-BF4B-00C04F79EFBC}") = "Shop.iOS", "Shop\Shop.iOS\Shop.iOS.csproj", "{5EDEA4E0-2855-4E40-A931-435CE67EEC74}"
EndProject
Project("{FAE04EC0-301F-11D3-BF4B-00C04F79EFBC}") = "Shop", "Shop\Shop\Shop.csproj", "{01A94971-D0A7-4BFA-BECA-DCA8CF75EE0D}"
EndProject
Global
	GlobalSection(SolutionConfigurationPlatforms) = preSolution
		Debug|Any CPU = Debug|Any CPU
		Debug|iPhone = Debug|iPhone
		Debug|iPhoneSimulator = Debug|iPhoneSimulator
		Release|Any CPU = Release|Any CPU
		Release|iPhone = Release|iPhone
		Release|iPhoneSimulator = Release|iPhoneSimulator
	EndGlobalSection
	GlobalSection(ProjectConfigurationPlatforms) = postSolution
		{0C71F24E-FB60-4B5A-B313-729949280923}.Debug|Any CPU.ActiveCfg = Debug|Any CPU
		{0C71F24E-FB60-4B5A-B313-729949280923}.Debug|Any CPU.Build.0 = Debug|Any CPU
		{0C71F24E-FB60-4B5A-B313-729949280923}.Debug|Any CPU.Deploy.0 = Debug|Any CPU
		{0C71F24E-FB60-4B5A-B313-729949280923}.Debug|iPhone.ActiveCfg = Debug|Any CPU
		{0C71F24E-FB60-4B5A-B313-729949280923}.Debug|iPhone.Build.0 = Debug|Any CPU
		{0C71F24E-FB60-4B5A-B313-729949280923}.Debug|iPhone.Deploy.0 = Debug|Any CPU
		{0C71F24E-FB60-4B5A-B313-729949280923}.Debug|iPhoneSimulator.ActiveCfg = Debug|Any CPU
		{0C71F24E-FB60-4B5A-B313-729949280923}.Debug|iPhoneSimulator.Build.0 = Debug|Any CPU
		{0C71F24E-FB60-4B5A-B313-729949280923}.Debug|iPhoneSimulator.Deploy.0 = Debug|Any CPU
		{0C71F24E-FB60-4B5A-B313-729949280923}.Release|Any CPU.ActiveCfg = Release|Any CPU
		{0C71F24E-FB60-4B5A-B313-729949280923}.Release|Any CPU.Build.0 = Release|Any CPU
		{0C71F24E-FB60-4B5A-B313-729949280923}.Release|Any CPU.Deploy.0 = Release|Any CPU
		{0C71F24E-FB60-4B5A-B313-729949280923}.Release|iPhone.ActiveCfg = Release|Any CPU
		{0C71F24E-FB60-4B5A-B313-729949280923}.Release|iPhone.Build.0 = Release|Any CPU
		{0C71F24E-FB60-4B5A-B313-729949280923}.Release|iPhone.Deploy.0 = Release|Any CPU
		{0C71F24E-FB60-4B5A-B313-729949280923}.Release|iPhoneSimulator.ActiveCfg = Release|Any CPU
		{0C71F24E-FB60-4B5A-B313-729949280923}.Release|iPhoneSimulator.Build.0 = Release|Any CPU
		{0C71F24E-FB60-4B5A-B313-729949280923}.Release|iPhoneSimulator.Deploy.0 = Release|Any CPU
		{5EDEA4E0-2855-4E40-A931-435CE67EEC74}.Debug|Any CPU.ActiveCfg = Debug|iPhone
		{5EDEA4E0-2855-4E40-A931-435CE67EEC74}.Debug|Any CPU.Build.0 = Debug|iPhone
		{5EDEA4E0-2855-4E40-A931-435CE67EEC74}.Debug|Any CPU.Deploy.0 = Debug|iPhone
		{5EDEA4E0-2855-4E40-A931-435CE67EEC74}.Debug|iPhone.ActiveCfg = Debug|iPhone
		{5EDEA4E0-2855-4E40-A931-435CE67EEC74}.Debug|iPhone.Build.0 = Debug|iPhone
		{5EDEA4E0-2855-4E40-A931-435CE67EEC74}.Debug|iPhone.Deploy.0 = Debug|iPhone
		{5EDEA4E0-2855-4E40-A931-435CE67EEC74}.Debug|iPhoneSimulator.ActiveCfg = Debug|iPhoneSimulator
		{5EDEA4E0-2855-4E40-A931-435CE67EEC74}.Debug|iPhoneSimulator.Build.0 = Debug|iPhoneSimulator
		{5EDEA4E0-2855-4E40-A931-435CE67EEC74}.Debug|iPhoneSimulator.Deploy.0 = Debug|iPhoneSimulator
		{5EDEA4E0-2855-4E40-A931-435CE67EEC74}.Release|Any CPU.ActiveCfg = Release|iPhoneSimulator
		{5EDEA4E0-2855-4E40-A931-435CE67EEC74}.Release|Any CPU.Build.0 = Release|iPhoneSimulator
		{5EDEA4E0-2855-4E40-A931-435CE67EEC74}.Release|Any CPU.Deploy.0 = Release|iPhoneSimulator
		{5EDEA4E0-2855-4E40-A931-435CE67EEC74}.Release|iPhone.ActiveCfg = Release|iPhone
		{5EDEA4E0-2855-4E40-A931-435CE67EEC74}.Release|iPhone.Build.0 = Release|iPhone
		{5EDEA4E0-2855-4E40-A931-435CE67EEC74}.Release|iPhone.Deploy.0 = Release|iPhone
		{5EDEA4E0-2855-4E40-A931-435CE67EEC74}.Release|iPhoneSimulator.ActiveCfg = Release|iPhoneSimulator
		{5EDEA4E0-2855-4E40-A931-435CE67EEC74}.Release|iPhoneSimulator.Build.0 = Release|iPhoneSimulator
		{5EDEA4E0-2855-4E40-A931-435CE67EEC74}.Release|iPhoneSimulator.Deploy.0 = Release|iPhoneSimulator
		{01A94971-D0A7-4BFA-BECA-DCA8CF75EE0D}.Debug|Any CPU.ActiveCfg = Debug|Any CPU
		{01A94971-D0A7-4BFA-BECA-DCA8CF75EE0D}.Debug|Any CPU.Build.0 = Debug|Any CPU
		{01A94971-D0A7-4BFA-BECA-DCA8CF75EE0D}.Debug|Any CPU.Deploy.0 = Debug|Any CPU
		{01A94971-D0A7-4BFA-BECA-DCA8CF75EE0D}.Debug|iPhone.ActiveCfg = Debug|Any CPU
		{01A94971-D0A7-4BFA-BECA-DCA8CF75EE0D}.Debug|iPhone.Build.0 = Debug|Any CPU
		{01A94971-D0A7-4BFA-BECA-DCA8CF75EE0D}.Debug|iPhone.Deploy.0 = Debug|Any CPU
		{01A94971-D0A7-4BFA-BECA-DCA8CF75EE0D}.Debug|iPhoneSimulator.ActiveCfg = Debug|Any CPU
		{01A94971-D0A7-4BFA-BECA-DCA8CF75EE0D}.Debug|iPhoneSimulator.Build.0 = Debug|Any CPU
		{01A94971-D0A7-4BFA-BECA-DCA8CF75EE0D}.Debug|iPhoneSimulator.Deploy.0 = Debug|Any CPU
		{01A94971-D0A7-4BFA-BECA-DCA8CF75EE0D}.Release|Any CPU.ActiveCfg = Release|Any CPU
		{01A94971-D0A7-4BFA-BECA-DCA8CF75EE0D}.Release|Any CPU.Build.0 = Release|Any CPU
		{01A94971-D0A7-4BFA-BECA-DCA8CF75EE0D}.Release|Any CPU.Deploy.0 = Release|Any CPU
		{01A94971-D0A7-4BFA-BECA-DCA8CF75EE0D}.Release|iPhone.ActiveCfg = Release|Any CPU
		{01A94971-D0A7-4BFA-BECA-DCA8CF75EE0D}.Release|iPhone.Build.0 = Release|Any CPU
		{01A94971-D0A7-4BFA-BECA-DCA8CF75EE0D}.Release|iPhone.Deploy.0 = Release|Any CPU
		{01A94971-D0A7-4BFA-BECA-DCA8CF75EE0D}.Release|iPhoneSimulator.ActiveCfg = Release|Any CPU
		{01A94971-D0A7-4BFA-BECA-DCA8CF75EE0D}.Release|iPhoneSimulator.Build.0 = Release|Any CPU
		{01A94971-D0A7-4BFA-BECA-DCA8CF75EE0D}.Release|iPhoneSimulator.Deploy.0 = Release|Any CPU
	EndGlobalSection
	GlobalSection(SolutionProperties) = preSolution
		HideSolutionNode = FALSE
	EndGlobalSection
	GlobalSection(ExtensibilityGlobals) = postSolution
		SolutionGuid = {F54E30DE-50A6-4FB1-9EBE-68F67C269FCC}
	EndGlobalSection
EndGlobal
